
Microsoft Visual Studio Solution File, Format Version 12.00
# Visual Studio Version 17
VisualStudioVersion = 17.0.32014.148
MinimumVisualStudioVersion = 10.0.40219.1
Project("{2150E333-8FDC-42A3-9474-1A3956D46DE8}") = "0 - Lib", "0 - Lib", "{9C115423-C200-47D4-820B-C62A2A5CE9E7}"
EndProject
Project("{9A19103F-16F7-4668-BE54-9A1E7A4F7556}") = "Oz.Bet", "Oz.Bet\Oz.Bet.csproj", "{AC42708D-FA04-4DF6-81EC-3CC78192CE53}"
EndProject
Project("{9A19103F-16F7-4668-BE54-9A1E7A4F7556}") = "Oz.Bet.DataProvider.Host", "Oz.Bet.DataProvider.Host\Oz.Bet.DataProvider.Host.csproj", "{4E53F1CD-F1CB-4EF1-9266-8BF45D9208BD}"
EndProject
Project("{9A19103F-16F7-4668-BE54-9A1E7A4F7556}") = "Oz.Bet.DataProvider", "Oz.Bet.DataProvider\Oz.Bet.DataProvider.csproj", "{FE004119-915C-44F4-A338-291E04A88D6B}"
EndProject
Project("{9A19103F-16F7-4668-BE54-9A1E7A4F7556}") = "Oz.Bet.DataTest", "Oz.Bet.Test\Oz.Bet.DataTest.csproj", "{C36C1BF2-2388-4BD1-829D-C41742F75CF1}"
EndProject
Project("{9A19103F-16F7-4668-BE54-9A1E7A4F7556}") = "Oz.Bet.DataConsumer.Host", "Oz.Bet.DataConsumer.Host\Oz.Bet.DataConsumer.Host.csproj", "{7124F482-8660-48E0-B464-39953F911850}"
EndProject
Project("{E53339B2-1760-4266-BCC7-CA923CBCF16C}") = "docker-compose", "docker-compose.dcproj", "{05BC0D09-61EE-4062-A49C-D1A7C3FB9FCC}"
EndProject
Project("{2150E333-8FDC-42A3-9474-1A3956D46DE8}") = "0 - Docs", "0 - Docs", "{F6F577C7-B676-46F8-856E-D486673EF8DC}"
	ProjectSection(SolutionItems) = preProject
		cli.txt = cli.txt
	EndProjectSection
EndProject
Project("{9A19103F-16F7-4668-BE54-9A1E7A4F7556}") = "Oz.Bet.Broker.Api", "Oz.Bet.Broker.Api\Oz.Bet.Broker.Api.csproj", "{2F10570E-5CD1-496C-B913-65699323C469}"
EndProject
Project("{9A19103F-16F7-4668-BE54-9A1E7A4F7556}") = "Oz.Bet.Broker", "Oz.Bet.Broker\Oz.Bet.Broker.csproj", "{0729F08A-ECC8-43FB-A133-B594BBB3EDDF}"
EndProject
Project("{2150E333-8FDC-42A3-9474-1A3956D46DE8}") = "Broker", "Broker", "{80A99065-4FFA-4513-ADCC-9125593B0E02}"
EndProject
Project("{2150E333-8FDC-42A3-9474-1A3956D46DE8}") = "Data", "Data", "{266C1F85-D4C6-47A8-94C1-1ED62255563F}"
EndProject
Project("{2150E333-8FDC-42A3-9474-1A3956D46DE8}") = "Notification", "Notification", "{A3A7BA56-9521-4DA0-A0A1-A912AECA4D81}"
EndProject
Project("{9A19103F-16F7-4668-BE54-9A1E7A4F7556}") = "Oz.Bet.Notification.App", "Oz.Bet.Notification.App\Oz.Bet.Notification.App.csproj", "{A306390D-2B21-4C5A-BF60-40F767A1E1A6}"
EndProject
Project("{2150E333-8FDC-42A3-9474-1A3956D46DE8}") = "Client", "Client", "{8E4E963E-519F-4C3B-B1A8-E3C5DAD15226}"
EndProject
Project("{2150E333-8FDC-42A3-9474-1A3956D46DE8}") = "0 - Db", "0 - Db", "{8C81B0E6-1EB2-4907-9058-9A9737B32B8C}"
	ProjectSection(SolutionItems) = preProject
		db-init.sql = db-init.sql
	EndProjectSection
EndProject
Project("{9A19103F-16F7-4668-BE54-9A1E7A4F7556}") = "Oz.Bet.Web.Host", "Oz.Bet.Web.Host\Oz.Bet.Web.Host.csproj", "{641B9CBE-1F5B-49B4-B5BE-87A1FF75757A}"
EndProject
Project("{9A19103F-16F7-4668-BE54-9A1E7A4F7556}") = "Oz.Bet.Data", "Oz.Bet.Data\Oz.Bet.Data.csproj", "{00B7653E-7699-43D3-9E35-46DB1EFCA5EB}"
EndProject
Project("{9A19103F-16F7-4668-BE54-9A1E7A4F7556}") = "Oz.Bet.Broker.Test", "Oz.Bet.Broker.Test\Oz.Bet.Broker.Test.csproj", "{A9F31ADE-156E-4517-98FE-F91F40136DEF}"
EndProject
Global
	GlobalSection(SolutionConfigurationPlatforms) = preSolution
		Debug|Any CPU = Debug|Any CPU
		Release|Any CPU = Release|Any CPU
	EndGlobalSection
	GlobalSection(ProjectConfigurationPlatforms) = postSolution
		{AC42708D-FA04-4DF6-81EC-3CC78192CE53}.Debug|Any CPU.ActiveCfg = Debug|Any CPU
		{AC42708D-FA04-4DF6-81EC-3CC78192CE53}.Debug|Any CPU.Build.0 = Debug|Any CPU
		{AC42708D-FA04-4DF6-81EC-3CC78192CE53}.Release|Any CPU.ActiveCfg = Release|Any CPU
		{AC42708D-FA04-4DF6-81EC-3CC78192CE53}.Release|Any CPU.Build.0 = Release|Any CPU
		{4E53F1CD-F1CB-4EF1-9266-8BF45D9208BD}.Debug|Any CPU.ActiveCfg = Debug|Any CPU
		{4E53F1CD-F1CB-4EF1-9266-8BF45D9208BD}.Debug|Any CPU.Build.0 = Debug|Any CPU
		{4E53F1CD-F1CB-4EF1-9266-8BF45D9208BD}.Release|Any CPU.ActiveCfg = Release|Any CPU
		{4E53F1CD-F1CB-4EF1-9266-8BF45D9208BD}.Release|Any CPU.Build.0 = Release|Any CPU
		{FE004119-915C-44F4-A338-291E04A88D6B}.Debug|Any CPU.ActiveCfg = Debug|Any CPU
		{FE004119-915C-44F4-A338-291E04A88D6B}.Debug|Any CPU.Build.0 = Debug|Any CPU
		{FE004119-915C-44F4-A338-291E04A88D6B}.Release|Any CPU.ActiveCfg = Release|Any CPU
		{FE004119-915C-44F4-A338-291E04A88D6B}.Release|Any CPU.Build.0 = Release|Any CPU
		{C36C1BF2-2388-4BD1-829D-C41742F75CF1}.Debug|Any CPU.ActiveCfg = Debug|Any CPU
		{C36C1BF2-2388-4BD1-829D-C41742F75CF1}.Debug|Any CPU.Build.0 = Debug|Any CPU
		{C36C1BF2-2388-4BD1-829D-C41742F75CF1}.Release|Any CPU.ActiveCfg = Release|Any CPU
		{C36C1BF2-2388-4BD1-829D-C41742F75CF1}.Release|Any CPU.Build.0 = Release|Any CPU
		{7124F482-8660-48E0-B464-39953F911850}.Debug|Any CPU.ActiveCfg = Debug|Any CPU
		{7124F482-8660-48E0-B464-39953F911850}.Debug|Any CPU.Build.0 = Debug|Any CPU
		{7124F482-8660-48E0-B464-39953F911850}.Release|Any CPU.ActiveCfg = Release|Any CPU
		{7124F482-8660-48E0-B464-39953F911850}.Release|Any CPU.Build.0 = Release|Any CPU
		{05BC0D09-61EE-4062-A49C-D1A7C3FB9FCC}.Debug|Any CPU.ActiveCfg = Debug|Any CPU
		{05BC0D09-61EE-4062-A49C-D1A7C3FB9FCC}.Debug|Any CPU.Build.0 = Debug|Any CPU
		{05BC0D09-61EE-4062-A49C-D1A7C3FB9FCC}.Release|Any CPU.ActiveCfg = Release|Any CPU
		{05BC0D09-61EE-4062-A49C-D1A7C3FB9FCC}.Release|Any CPU.Build.0 = Release|Any CPU
		{2F10570E-5CD1-496C-B913-65699323C469}.Debug|Any CPU.ActiveCfg = Debug|Any CPU
		{2F10570E-5CD1-496C-B913-65699323C469}.Debug|Any CPU.Build.0 = Debug|Any CPU
		{2F10570E-5CD1-496C-B913-65699323C469}.Release|Any CPU.ActiveCfg = Release|Any CPU
		{2F10570E-5CD1-496C-B913-65699323C469}.Release|Any CPU.Build.0 = Release|Any CPU
		{0729F08A-ECC8-43FB-A133-B594BBB3EDDF}.Debug|Any CPU.ActiveCfg = Debug|Any CPU
		{0729F08A-ECC8-43FB-A133-B594BBB3EDDF}.Debug|Any CPU.Build.0 = Debug|Any CPU
		{0729F08A-ECC8-43FB-A133-B594BBB3EDDF}.Release|Any CPU.ActiveCfg = Release|Any CPU
		{0729F08A-ECC8-43FB-A133-B594BBB3EDDF}.Release|Any CPU.Build.0 = Release|Any CPU
		{A306390D-2B21-4C5A-BF60-40F767A1E1A6}.Debug|Any CPU.ActiveCfg = Debug|Any CPU
		{A306390D-2B21-4C5A-BF60-40F767A1E1A6}.Debug|Any CPU.Build.0 = Debug|Any CPU
		{A306390D-2B21-4C5A-BF60-40F767A1E1A6}.Release|Any CPU.ActiveCfg = Release|Any CPU
		{A306390D-2B21-4C5A-BF60-40F767A1E1A6}.Release|Any CPU.Build.0 = Release|Any CPU
		{641B9CBE-1F5B-49B4-B5BE-87A1FF75757A}.Debug|Any CPU.ActiveCfg = Debug|Any CPU
		{641B9CBE-1F5B-49B4-B5BE-87A1FF75757A}.Debug|Any CPU.Build.0 = Debug|Any CPU
		{641B9CBE-1F5B-49B4-B5BE-87A1FF75757A}.Release|Any CPU.ActiveCfg = Release|Any CPU
		{641B9CBE-1F5B-49B4-B5BE-87A1FF75757A}.Release|Any CPU.Build.0 = Release|Any CPU
		{00B7653E-7699-43D3-9E35-46DB1EFCA5EB}.Debug|Any CPU.ActiveCfg = Debug|Any CPU
		{00B7653E-7699-43D3-9E35-46DB1EFCA5EB}.Debug|Any CPU.Build.0 = Debug|Any CPU
		{00B7653E-7699-43D3-9E35-46DB1EFCA5EB}.Release|Any CPU.ActiveCfg = Release|Any CPU
		{00B7653E-7699-43D3-9E35-46DB1EFCA5EB}.Release|Any CPU.Build.0 = Release|Any CPU
		{A9F31ADE-156E-4517-98FE-F91F40136DEF}.Debug|Any CPU.ActiveCfg = Debug|Any CPU
		{A9F31ADE-156E-4517-98FE-F91F40136DEF}.Debug|Any CPU.Build.0 = Debug|Any CPU
		{A9F31ADE-156E-4517-98FE-F91F40136DEF}.Release|Any CPU.ActiveCfg = Release|Any CPU
		{A9F31ADE-156E-4517-98FE-F91F40136DEF}.Release|Any CPU.Build.0 = Release|Any CPU
	EndGlobalSection
	GlobalSection(SolutionProperties) = preSolution
		HideSolutionNode = FALSE
	EndGlobalSection
	GlobalSection(NestedProjects) = preSolution
		{AC42708D-FA04-4DF6-81EC-3CC78192CE53} = {9C115423-C200-47D4-820B-C62A2A5CE9E7}
		{4E53F1CD-F1CB-4EF1-9266-8BF45D9208BD} = {266C1F85-D4C6-47A8-94C1-1ED62255563F}
		{FE004119-915C-44F4-A338-291E04A88D6B} = {266C1F85-D4C6-47A8-94C1-1ED62255563F}
		{C36C1BF2-2388-4BD1-829D-C41742F75CF1} = {266C1F85-D4C6-47A8-94C1-1ED62255563F}
		{7124F482-8660-48E0-B464-39953F911850} = {266C1F85-D4C6-47A8-94C1-1ED62255563F}
		{2F10570E-5CD1-496C-B913-65699323C469} = {80A99065-4FFA-4513-ADCC-9125593B0E02}
		{0729F08A-ECC8-43FB-A133-B594BBB3EDDF} = {80A99065-4FFA-4513-ADCC-9125593B0E02}
		{A306390D-2B21-4C5A-BF60-40F767A1E1A6} = {A3A7BA56-9521-4DA0-A0A1-A912AECA4D81}
		{641B9CBE-1F5B-49B4-B5BE-87A1FF75757A} = {8E4E963E-519F-4C3B-B1A8-E3C5DAD15226}
		{00B7653E-7699-43D3-9E35-46DB1EFCA5EB} = {9C115423-C200-47D4-820B-C62A2A5CE9E7}
		{A9F31ADE-156E-4517-98FE-F91F40136DEF} = {80A99065-4FFA-4513-ADCC-9125593B0E02}
	EndGlobalSection
	GlobalSection(ExtensibilityGlobals) = postSolution
		SolutionGuid = {0AC684FE-E972-435D-9C0D-1476A99D5D55}
	EndGlobalSection
EndGlobal
